
Microsoft Visual Studio Solution File, Format Version 12.00
# Visual Studio Version 17
VisualStudioVersion = 17.14.36109.1 d17.14
MinimumVisualStudioVersion = 10.0.40219.1
Project("{FAE04EC0-301F-11D3-BF4B-00C04F79EFBC}") = "BudgetTracker", "BudgetTracker\BudgetTracker.csproj", "{E1E2B316-8B08-435E-9808-4A51AB7CC392}"
EndProject
Global
	GlobalSection(SolutionConfigurationPlatforms) = preSolution
		Debug|Any CPU = Debug|Any CPU
		Release|Any CPU = Release|Any CPU
	EndGlobalSection
	GlobalSection(ProjectConfigurationPlatforms) = postSolution
		{E1E2B316-8B08-435E-9808-4A51AB7CC392}.Debug|Any CPU.ActiveCfg = Debug|Any CPU
		{E1E2B316-8B08-435E-9808-4A51AB7CC392}.Debug|Any CPU.Build.0 = Debug|Any CPU
		{E1E2B316-8B08-435E-9808-4A51AB7CC392}.Release|Any CPU.ActiveCfg = Release|Any CPU
		{E1E2B316-8B08-435E-9808-4A51AB7CC392}.Release|Any CPU.Build.0 = Release|Any CPU
	EndGlobalSection
	GlobalSection(SolutionProperties) = preSolution
		HideSolutionNode = FALSE
	EndGlobalSection
	GlobalSection(ExtensibilityGlobals) = postSolution
		SolutionGuid = {EDEC07D5-DE53-4757-8FEA-5625EC9624FA}
	EndGlobalSection
EndGlobal
