
Microsoft Visual Studio Solution File, Format Version 12.00
# Visual Studio Version 17
VisualStudioVersion = 17.14.36109.1 d17.14
MinimumVisualStudioVersion = 10.0.40219.1
Project("{FAE04EC0-301F-11D3-BF4B-00C04F79EFBC}") = "SystemMonitorApp", "SystemMonitorApp\SystemMonitorApp.csproj", "{D6B3189E-AA1D-4EE6-B13D-F0FF1ECBFE63}"
EndProject
Global
	GlobalSection(SolutionConfigurationPlatforms) = preSolution
		Debug|Any CPU = Debug|Any CPU
		Release|Any CPU = Release|Any CPU
	EndGlobalSection
	GlobalSection(ProjectConfigurationPlatforms) = postSolution
		{D6B3189E-AA1D-4EE6-B13D-F0FF1ECBFE63}.Debug|Any CPU.ActiveCfg = Debug|Any CPU
		{D6B3189E-AA1D-4EE6-B13D-F0FF1ECBFE63}.Debug|Any CPU.Build.0 = Debug|Any CPU
		{D6B3189E-AA1D-4EE6-B13D-F0FF1ECBFE63}.Release|Any CPU.ActiveCfg = Release|Any CPU
		{D6B3189E-AA1D-4EE6-B13D-F0FF1ECBFE63}.Release|Any CPU.Build.0 = Release|Any CPU
	EndGlobalSection
	GlobalSection(SolutionProperties) = preSolution
		HideSolutionNode = FALSE
	EndGlobalSection
	GlobalSection(ExtensibilityGlobals) = postSolution
		SolutionGuid = {EA0FD464-EDCB-435E-93A2-166B44CA17A7}
	EndGlobalSection
EndGlobal
