
Microsoft Visual Studio Solution File, Format Version 12.00
# Visual Studio Version 17
VisualStudioVersion = 17.14.36109.1 d17.14
MinimumVisualStudioVersion = 10.0.40219.1
Project("{FAE04EC0-301F-11D3-BF4B-00C04F79EFBC}") = "FileComparerApp", "FileComparerApp\FileComparerApp.csproj", "{EF50C7F8-0682-45E6-88FB-83EFEB7FA0F7}"
EndProject
Global
	GlobalSection(SolutionConfigurationPlatforms) = preSolution
		Debug|Any CPU = Debug|Any CPU
		Release|Any CPU = Release|Any CPU
	EndGlobalSection
	GlobalSection(ProjectConfigurationPlatforms) = postSolution
		{EF50C7F8-0682-45E6-88FB-83EFEB7FA0F7}.Debug|Any CPU.ActiveCfg = Debug|Any CPU
		{EF50C7F8-0682-45E6-88FB-83EFEB7FA0F7}.Debug|Any CPU.Build.0 = Debug|Any CPU
		{EF50C7F8-0682-45E6-88FB-83EFEB7FA0F7}.Release|Any CPU.ActiveCfg = Release|Any CPU
		{EF50C7F8-0682-45E6-88FB-83EFEB7FA0F7}.Release|Any CPU.Build.0 = Release|Any CPU
	EndGlobalSection
	GlobalSection(SolutionProperties) = preSolution
		HideSolutionNode = FALSE
	EndGlobalSection
	GlobalSection(ExtensibilityGlobals) = postSolution
		SolutionGuid = {2B54D281-CBE6-442C-A884-962BEF6A0DF9}
	EndGlobalSection
EndGlobal
