
Microsoft Visual Studio Solution File, Format Version 12.00
# Visual Studio Version 17
VisualStudioVersion = 17.14.36109.1 d17.14
MinimumVisualStudioVersion = 10.0.40219.1
Project("{FAE04EC0-301F-11D3-BF4B-00C04F79EFBC}") = "WpfMultithreadDemo", "WpfMultithreadDemo\WpfMultithreadDemo.csproj", "{D298418F-DBE8-42CC-99C0-4E18D8CF91C0}"
EndProject
Global
	GlobalSection(SolutionConfigurationPlatforms) = preSolution
		Debug|Any CPU = Debug|Any CPU
		Release|Any CPU = Release|Any CPU
	EndGlobalSection
	GlobalSection(ProjectConfigurationPlatforms) = postSolution
		{D298418F-DBE8-42CC-99C0-4E18D8CF91C0}.Debug|Any CPU.ActiveCfg = Debug|Any CPU
		{D298418F-DBE8-42CC-99C0-4E18D8CF91C0}.Debug|Any CPU.Build.0 = Debug|Any CPU
		{D298418F-DBE8-42CC-99C0-4E18D8CF91C0}.Release|Any CPU.ActiveCfg = Release|Any CPU
		{D298418F-DBE8-42CC-99C0-4E18D8CF91C0}.Release|Any CPU.Build.0 = Release|Any CPU
	EndGlobalSection
	GlobalSection(SolutionProperties) = preSolution
		HideSolutionNode = FALSE
	EndGlobalSection
	GlobalSection(ExtensibilityGlobals) = postSolution
		SolutionGuid = {82B343EC-5FBB-4C2A-B911-BB2966B6A449}
	EndGlobalSection
EndGlobal
